// !$*UTF8*$!
{
	archiveVersion = 1;
	classes = {
	};
	objectVersion = 50;
	objects = {

/* Begin PBXBuildFile section */
		3571890F22048B180064DF6C /* ServerResponse.swift in Sources */ = {isa = PBXBuildFile; fileRef = 3571890E22048B180064DF6C /* ServerResponse.swift */; };
		390EBD476E6DB2494C7A43AE /* Pods_imgur_Gallery.framework in Frameworks */ = {isa = PBXBuildFile; fileRef = 915A38B2F113586873F56D8A /* Pods_imgur_Gallery.framework */; };
		5ADA07A3905A947D22FB93A9 /* Pods_imgur_GalleryTests.framework in Frameworks */ = {isa = PBXBuildFile; fileRef = 3A784965F001903013770EA2 /* Pods_imgur_GalleryTests.framework */; };
		9A22776822028F0200D61D3A /* GallerySearchPresenter.swift in Sources */ = {isa = PBXBuildFile; fileRef = 9A22776722028F0200D61D3A /* GallerySearchPresenter.swift */; };
		9A22776A22028FF000D61D3A /* GallerySearchInteractor.swift in Sources */ = {isa = PBXBuildFile; fileRef = 9A22776922028FF000D61D3A /* GallerySearchInteractor.swift */; };
		9A22776F2202951A00D61D3A /* GallerySearchAPI.swift in Sources */ = {isa = PBXBuildFile; fileRef = 9A22776E2202951A00D61D3A /* GallerySearchAPI.swift */; };
		9A22777222029A5000D61D3A /* Constants.swift in Sources */ = {isa = PBXBuildFile; fileRef = 9A22777122029A5000D61D3A /* Constants.swift */; };
		9A22777422029EC600D61D3A /* RequestBuilderGET.swift in Sources */ = {isa = PBXBuildFile; fileRef = 9A22777322029EC600D61D3A /* RequestBuilderGET.swift */; };
		9A22777B2205161B00D61D3A /* Debouncer.swift in Sources */ = {isa = PBXBuildFile; fileRef = 9A22777A2205161B00D61D3A /* Debouncer.swift */; };
		9A2277802205322500D61D3A /* ItemCellData.swift in Sources */ = {isa = PBXBuildFile; fileRef = 9A22777F2205322500D61D3A /* ItemCellData.swift */; };
		9A2277832205449D00D61D3A /* DetailViewController.swift in Sources */ = {isa = PBXBuildFile; fileRef = 9A2277822205449D00D61D3A /* DetailViewController.swift */; };
		9AB9E73422028132007156D9 /* AppDelegate.swift in Sources */ = {isa = PBXBuildFile; fileRef = 9AB9E73322028132007156D9 /* AppDelegate.swift */; };
		9AB9E73622028132007156D9 /* GallerySearchViewController.swift in Sources */ = {isa = PBXBuildFile; fileRef = 9AB9E73522028132007156D9 /* GallerySearchViewController.swift */; };
		9AB9E73922028132007156D9 /* Main.storyboard in Resources */ = {isa = PBXBuildFile; fileRef = 9AB9E73722028132007156D9 /* Main.storyboard */; };
		9AB9E73B22028140007156D9 /* Assets.xcassets in Resources */ = {isa = PBXBuildFile; fileRef = 9AB9E73A2202813F007156D9 /* Assets.xcassets */; };
		9AB9E73E22028140007156D9 /* LaunchScreen.storyboard in Resources */ = {isa = PBXBuildFile; fileRef = 9AB9E73C22028140007156D9 /* LaunchScreen.storyboard */; };
		9AB9E74922028140007156D9 /* imgur_GalleryTests.swift in Sources */ = {isa = PBXBuildFile; fileRef = 9AB9E74822028140007156D9 /* imgur_GalleryTests.swift */; };
/* End PBXBuildFile section */

/* Begin PBXContainerItemProxy section */
		9AB9E74522028140007156D9 /* PBXContainerItemProxy */ = {
			isa = PBXContainerItemProxy;
			containerPortal = 9AB9E72822028132007156D9 /* Project object */;
			proxyType = 1;
			remoteGlobalIDString = 9AB9E72F22028132007156D9;
			remoteInfo = "imgur Gallery";
		};
/* End PBXContainerItemProxy section */

/* Begin PBXFileReference section */
		2106C94DD4DB74002C3629B6 /* Pods-imgur Gallery.debug.xcconfig */ = {isa = PBXFileReference; includeInIndex = 1; lastKnownFileType = text.xcconfig; name = "Pods-imgur Gallery.debug.xcconfig"; path = "Pods/Target Support Files/Pods-imgur Gallery/Pods-imgur Gallery.debug.xcconfig"; sourceTree = "<group>"; };
		3571890E22048B180064DF6C /* ServerResponse.swift */ = {isa = PBXFileReference; lastKnownFileType = sourcecode.swift; path = ServerResponse.swift; sourceTree = "<group>"; };
		36C61248EF9F0761043EA0F5 /* Pods-imgur Gallery.release.xcconfig */ = {isa = PBXFileReference; includeInIndex = 1; lastKnownFileType = text.xcconfig; name = "Pods-imgur Gallery.release.xcconfig"; path = "Pods/Target Support Files/Pods-imgur Gallery/Pods-imgur Gallery.release.xcconfig"; sourceTree = "<group>"; };
		3A784965F001903013770EA2 /* Pods_imgur_GalleryTests.framework */ = {isa = PBXFileReference; explicitFileType = wrapper.framework; includeInIndex = 0; path = Pods_imgur_GalleryTests.framework; sourceTree = BUILT_PRODUCTS_DIR; };
		54EC4D71527C6665EAB67C90 /* Pods-imgur GalleryTests.debug.xcconfig */ = {isa = PBXFileReference; includeInIndex = 1; lastKnownFileType = text.xcconfig; name = "Pods-imgur GalleryTests.debug.xcconfig"; path = "Pods/Target Support Files/Pods-imgur GalleryTests/Pods-imgur GalleryTests.debug.xcconfig"; sourceTree = "<group>"; };
		6D5870156351D93469720D3F /* Pods-imgur GalleryTests.release.xcconfig */ = {isa = PBXFileReference; includeInIndex = 1; lastKnownFileType = text.xcconfig; name = "Pods-imgur GalleryTests.release.xcconfig"; path = "Pods/Target Support Files/Pods-imgur GalleryTests/Pods-imgur GalleryTests.release.xcconfig"; sourceTree = "<group>"; };
		915A38B2F113586873F56D8A /* Pods_imgur_Gallery.framework */ = {isa = PBXFileReference; explicitFileType = wrapper.framework; includeInIndex = 0; path = Pods_imgur_Gallery.framework; sourceTree = BUILT_PRODUCTS_DIR; };
		9A22776722028F0200D61D3A /* GallerySearchPresenter.swift */ = {isa = PBXFileReference; lastKnownFileType = sourcecode.swift; path = GallerySearchPresenter.swift; sourceTree = "<group>"; };
		9A22776922028FF000D61D3A /* GallerySearchInteractor.swift */ = {isa = PBXFileReference; lastKnownFileType = sourcecode.swift; path = GallerySearchInteractor.swift; sourceTree = "<group>"; };
		9A22776E2202951A00D61D3A /* GallerySearchAPI.swift */ = {isa = PBXFileReference; lastKnownFileType = sourcecode.swift; path = GallerySearchAPI.swift; sourceTree = "<group>"; };
		9A22777122029A5000D61D3A /* Constants.swift */ = {isa = PBXFileReference; lastKnownFileType = sourcecode.swift; path = Constants.swift; sourceTree = "<group>"; };
		9A22777322029EC600D61D3A /* RequestBuilderGET.swift */ = {isa = PBXFileReference; lastKnownFileType = sourcecode.swift; path = RequestBuilderGET.swift; sourceTree = "<group>"; };
		9A22777A2205161B00D61D3A /* Debouncer.swift */ = {isa = PBXFileReference; lastKnownFileType = sourcecode.swift; path = Debouncer.swift; sourceTree = "<group>"; };
		9A22777F2205322500D61D3A /* ItemCellData.swift */ = {isa = PBXFileReference; lastKnownFileType = sourcecode.swift; path = ItemCellData.swift; sourceTree = "<group>"; };
		9A2277822205449D00D61D3A /* DetailViewController.swift */ = {isa = PBXFileReference; lastKnownFileType = sourcecode.swift; path = DetailViewController.swift; sourceTree = "<group>"; };
		9AB9E73022028132007156D9 /* imgur Gallery.app */ = {isa = PBXFileReference; explicitFileType = wrapper.application; includeInIndex = 0; path = "imgur Gallery.app"; sourceTree = BUILT_PRODUCTS_DIR; };
		9AB9E73322028132007156D9 /* AppDelegate.swift */ = {isa = PBXFileReference; lastKnownFileType = sourcecode.swift; path = AppDelegate.swift; sourceTree = "<group>"; };
		9AB9E73522028132007156D9 /* GallerySearchViewController.swift */ = {isa = PBXFileReference; lastKnownFileType = sourcecode.swift; path = GallerySearchViewController.swift; sourceTree = "<group>"; };
		9AB9E73822028132007156D9 /* Base */ = {isa = PBXFileReference; lastKnownFileType = file.storyboard; name = Base; path = Base.lproj/Main.storyboard; sourceTree = "<group>"; };
		9AB9E73A2202813F007156D9 /* Assets.xcassets */ = {isa = PBXFileReference; lastKnownFileType = folder.assetcatalog; path = Assets.xcassets; sourceTree = "<group>"; };
		9AB9E73D22028140007156D9 /* Base */ = {isa = PBXFileReference; lastKnownFileType = file.storyboard; name = Base; path = Base.lproj/LaunchScreen.storyboard; sourceTree = "<group>"; };
		9AB9E73F22028140007156D9 /* Info.plist */ = {isa = PBXFileReference; lastKnownFileType = text.plist.xml; path = Info.plist; sourceTree = "<group>"; };
		9AB9E74422028140007156D9 /* imgur GalleryTests.xctest */ = {isa = PBXFileReference; explicitFileType = wrapper.cfbundle; includeInIndex = 0; path = "imgur GalleryTests.xctest"; sourceTree = BUILT_PRODUCTS_DIR; };
		9AB9E74822028140007156D9 /* imgur_GalleryTests.swift */ = {isa = PBXFileReference; lastKnownFileType = sourcecode.swift; path = imgur_GalleryTests.swift; sourceTree = "<group>"; };
		9AB9E74A22028140007156D9 /* Info.plist */ = {isa = PBXFileReference; lastKnownFileType = text.plist.xml; path = Info.plist; sourceTree = "<group>"; };
/* End PBXFileReference section */

/* Begin PBXFrameworksBuildPhase section */
		9AB9E72D22028132007156D9 /* Frameworks */ = {
			isa = PBXFrameworksBuildPhase;
			buildActionMask = 2147483647;
			files = (
				390EBD476E6DB2494C7A43AE /* Pods_imgur_Gallery.framework in Frameworks */,
			);
			runOnlyForDeploymentPostprocessing = 0;
		};
		9AB9E74122028140007156D9 /* Frameworks */ = {
			isa = PBXFrameworksBuildPhase;
			buildActionMask = 2147483647;
			files = (
				5ADA07A3905A947D22FB93A9 /* Pods_imgur_GalleryTests.framework in Frameworks */,
			);
			runOnlyForDeploymentPostprocessing = 0;
		};
/* End PBXFrameworksBuildPhase section */

/* Begin PBXGroup section */
		35DA28F62203608C00C11DFA /* model */ = {
			isa = PBXGroup;
			children = (
				3571890E22048B180064DF6C /* ServerResponse.swift */,
				9A22777F2205322500D61D3A /* ItemCellData.swift */,
			);
			path = model;
			sourceTree = "<group>";
		};
		81FF888A8396D255777F4C9D /* Frameworks */ = {
			isa = PBXGroup;
			children = (
				915A38B2F113586873F56D8A /* Pods_imgur_Gallery.framework */,
				3A784965F001903013770EA2 /* Pods_imgur_GalleryTests.framework */,
			);
			name = Frameworks;
			sourceTree = "<group>";
		};
		9A22776522028E8E00D61D3A /* gallery_search */ = {
			isa = PBXGroup;
			children = (
				35DA28F62203608C00C11DFA /* model */,
				9AB9E73522028132007156D9 /* GallerySearchViewController.swift */,
				9A22776722028F0200D61D3A /* GallerySearchPresenter.swift */,
				9A22776922028FF000D61D3A /* GallerySearchInteractor.swift */,
			);
			path = gallery_search;
			sourceTree = "<group>";
		};
		9A22776622028EAC00D61D3A /* ui */ = {
			isa = PBXGroup;
			children = (
				9AB9E73722028132007156D9 /* Main.storyboard */,
				9AB9E73A2202813F007156D9 /* Assets.xcassets */,
				9AB9E73C22028140007156D9 /* LaunchScreen.storyboard */,
			);
			path = ui;
			sourceTree = "<group>";
		};
		9A22776D220294E500D61D3A /* repository */ = {
			isa = PBXGroup;
			children = (
				9A22776E2202951A00D61D3A /* GallerySearchAPI.swift */,
			);
			path = repository;
			sourceTree = "<group>";
		};
		9A22777022029A3300D61D3A /* utils */ = {
			isa = PBXGroup;
			children = (
				9A22777122029A5000D61D3A /* Constants.swift */,
				9A22777322029EC600D61D3A /* RequestBuilderGET.swift */,
				9A22777A2205161B00D61D3A /* Debouncer.swift */,
			);
			path = utils;
			sourceTree = "<group>";
		};
		9A2277812205448800D61D3A /* detail */ = {
			isa = PBXGroup;
			children = (
				9A2277822205449D00D61D3A /* DetailViewController.swift */,
			);
			path = detail;
			sourceTree = "<group>";
		};
		9AB9E72722028132007156D9 = {
			isa = PBXGroup;
			children = (
				9AB9E73222028132007156D9 /* imgur Gallery */,
				9AB9E74722028140007156D9 /* imgur GalleryTests */,
				9AB9E73122028132007156D9 /* Products */,
				B4B688FA6015C740DB07CE3F /* Pods */,
				81FF888A8396D255777F4C9D /* Frameworks */,
			);
			sourceTree = "<group>";
		};
		9AB9E73122028132007156D9 /* Products */ = {
			isa = PBXGroup;
			children = (
				9AB9E73022028132007156D9 /* imgur Gallery.app */,
				9AB9E74422028140007156D9 /* imgur GalleryTests.xctest */,
			);
			name = Products;
			sourceTree = "<group>";
		};
		9AB9E73222028132007156D9 /* imgur Gallery */ = {
			isa = PBXGroup;
			children = (
				9A2277812205448800D61D3A /* detail */,
				9A22776D220294E500D61D3A /* repository */,
				9A22777022029A3300D61D3A /* utils */,
				9A22776622028EAC00D61D3A /* ui */,
				9A22776522028E8E00D61D3A /* gallery_search */,
				9AB9E73322028132007156D9 /* AppDelegate.swift */,
				9AB9E73F22028140007156D9 /* Info.plist */,
			);
			path = "imgur Gallery";
			sourceTree = "<group>";
		};
		9AB9E74722028140007156D9 /* imgur GalleryTests */ = {
			isa = PBXGroup;
			children = (
				9AB9E74822028140007156D9 /* imgur_GalleryTests.swift */,
				9AB9E74A22028140007156D9 /* Info.plist */,
			);
			path = "imgur GalleryTests";
			sourceTree = "<group>";
		};
		B4B688FA6015C740DB07CE3F /* Pods */ = {
			isa = PBXGroup;
			children = (
				2106C94DD4DB74002C3629B6 /* Pods-imgur Gallery.debug.xcconfig */,
				36C61248EF9F0761043EA0F5 /* Pods-imgur Gallery.release.xcconfig */,
				54EC4D71527C6665EAB67C90 /* Pods-imgur GalleryTests.debug.xcconfig */,
				6D5870156351D93469720D3F /* Pods-imgur GalleryTests.release.xcconfig */,
			);
			name = Pods;
			sourceTree = "<group>";
		};
/* End PBXGroup section */

/* Begin PBXNativeTarget section */
		9AB9E72F22028132007156D9 /* imgur Gallery */ = {
			isa = PBXNativeTarget;
			buildConfigurationList = 9AB9E74D22028140007156D9 /* Build configuration list for PBXNativeTarget "imgur Gallery" */;
			buildPhases = (
				C5E1562C97CF92562A7709EA /* [CP] Check Pods Manifest.lock */,
				9AB9E72C22028132007156D9 /* Sources */,
				9AB9E72D22028132007156D9 /* Frameworks */,
				9AB9E72E22028132007156D9 /* Resources */,
				79D06583D08CD068CE3B534B /* [CP] Embed Pods Frameworks */,
				B7DAA5ACE526E6081A6B848F /* [CP] Copy Pods Resources */,
			);
			buildRules = (
			);
			dependencies = (
			);
			name = "imgur Gallery";
			productName = "imgur Gallery";
			productReference = 9AB9E73022028132007156D9 /* imgur Gallery.app */;
			productType = "com.apple.product-type.application";
		};
		9AB9E74322028140007156D9 /* imgur GalleryTests */ = {
			isa = PBXNativeTarget;
			buildConfigurationList = 9AB9E75022028140007156D9 /* Build configuration list for PBXNativeTarget "imgur GalleryTests" */;
			buildPhases = (
				F0EF9261098B7C8A1AF37C08 /* [CP] Check Pods Manifest.lock */,
				9AB9E74022028140007156D9 /* Sources */,
				9AB9E74122028140007156D9 /* Frameworks */,
				9AB9E74222028140007156D9 /* Resources */,
				B64093CE1642C26E784E56F4 /* [CP] Embed Pods Frameworks */,
				065C7618E7BAD8B9583DAECE /* [CP] Copy Pods Resources */,
			);
			buildRules = (
			);
			dependencies = (
				9AB9E74622028140007156D9 /* PBXTargetDependency */,
			);
			name = "imgur GalleryTests";
			productName = "imgur GalleryTests";
			productReference = 9AB9E74422028140007156D9 /* imgur GalleryTests.xctest */;
			productType = "com.apple.product-type.bundle.unit-test";
		};
/* End PBXNativeTarget section */

/* Begin PBXProject section */
		9AB9E72822028132007156D9 /* Project object */ = {
			isa = PBXProject;
			attributes = {
				LastSwiftUpdateCheck = 1010;
				LastUpgradeCheck = 1010;
				ORGANIZATIONNAME = "Gerardo Tarazona";
				TargetAttributes = {
					9AB9E72F22028132007156D9 = {
						CreatedOnToolsVersion = 10.1;
					};
					9AB9E74322028140007156D9 = {
						CreatedOnToolsVersion = 10.1;
						TestTargetID = 9AB9E72F22028132007156D9;
					};
				};
			};
			buildConfigurationList = 9AB9E72B22028132007156D9 /* Build configuration list for PBXProject "imgur Gallery" */;
			compatibilityVersion = "Xcode 9.3";
			developmentRegion = en;
			hasScannedForEncodings = 0;
			knownRegions = (
				en,
				Base,
			);
			mainGroup = 9AB9E72722028132007156D9;
			productRefGroup = 9AB9E73122028132007156D9 /* Products */;
			projectDirPath = "";
			projectRoot = "";
			targets = (
				9AB9E72F22028132007156D9 /* imgur Gallery */,
				9AB9E74322028140007156D9 /* imgur GalleryTests */,
			);
		};
/* End PBXProject section */

/* Begin PBXResourcesBuildPhase section */
		9AB9E72E22028132007156D9 /* Resources */ = {
			isa = PBXResourcesBuildPhase;
			buildActionMask = 2147483647;
			files = (
				9AB9E73E22028140007156D9 /* LaunchScreen.storyboard in Resources */,
				9AB9E73B22028140007156D9 /* Assets.xcassets in Resources */,
				9AB9E73922028132007156D9 /* Main.storyboard in Resources */,
			);
			runOnlyForDeploymentPostprocessing = 0;
		};
		9AB9E74222028140007156D9 /* Resources */ = {
			isa = PBXResourcesBuildPhase;
			buildActionMask = 2147483647;
			files = (
			);
			runOnlyForDeploymentPostprocessing = 0;
		};
/* End PBXResourcesBuildPhase section */

/* Begin PBXShellScriptBuildPhase section */
		065C7618E7BAD8B9583DAECE /* [CP] Copy Pods Resources */ = {
			isa = PBXShellScriptBuildPhase;
			buildActionMask = 2147483647;
			files = (
			);
			inputPaths = (
			);
			name = "[CP] Copy Pods Resources";
			outputPaths = (
			);
			runOnlyForDeploymentPostprocessing = 0;
			shellPath = /bin/sh;
			shellScript = "\"${SRCROOT}/Pods/Target Support Files/Pods-imgur GalleryTests/Pods-imgur GalleryTests-resources.sh\"\n";
			showEnvVarsInLog = 0;
		};
		79D06583D08CD068CE3B534B /* [CP] Embed Pods Frameworks */ = {
			isa = PBXShellScriptBuildPhase;
			buildActionMask = 2147483647;
			files = (
			);
			inputPaths = (
				"${SRCROOT}/Pods/Target Support Files/Pods-imgur Gallery/Pods-imgur Gallery-frameworks.sh",
				"${BUILT_PRODUCTS_DIR}/ImageLoader/ImageLoader.framework",
				"${BUILT_PRODUCTS_DIR}/SVProgressHUD/SVProgressHUD.framework",
			);
			name = "[CP] Embed Pods Frameworks";
			outputPaths = (
				"${TARGET_BUILD_DIR}/${FRAMEWORKS_FOLDER_PATH}/ImageLoader.framework",
				"${TARGET_BUILD_DIR}/${FRAMEWORKS_FOLDER_PATH}/SVProgressHUD.framework",
			);
			runOnlyForDeploymentPostprocessing = 0;
			shellPath = /bin/sh;
			shellScript = "\"${SRCROOT}/Pods/Target Support Files/Pods-imgur Gallery/Pods-imgur Gallery-frameworks.sh\"\n";
			showEnvVarsInLog = 0;
		};
		B64093CE1642C26E784E56F4 /* [CP] Embed Pods Frameworks */ = {
			isa = PBXShellScriptBuildPhase;
			buildActionMask = 2147483647;
			files = (
			);
			inputPaths = (
			);
			name = "[CP] Embed Pods Frameworks";
			outputPaths = (
			);
			runOnlyForDeploymentPostprocessing = 0;
			shellPath = /bin/sh;
			shellScript = "\"${SRCROOT}/Pods/Target Support Files/Pods-imgur GalleryTests/Pods-imgur GalleryTests-frameworks.sh\"\n";
			showEnvVarsInLog = 0;
		};
		B7DAA5ACE526E6081A6B848F /* [CP] Copy Pods Resources */ = {
			isa = PBXShellScriptBuildPhase;
			buildActionMask = 2147483647;
			files = (
			);
			inputPaths = (
			);
			name = "[CP] Copy Pods Resources";
			outputPaths = (
			);
			runOnlyForDeploymentPostprocessing = 0;
			shellPath = /bin/sh;
			shellScript = "\"${SRCROOT}/Pods/Target Support Files/Pods-imgur Gallery/Pods-imgur Gallery-resources.sh\"\n";
			showEnvVarsInLog = 0;
		};
		C5E1562C97CF92562A7709EA /* [CP] Check Pods Manifest.lock */ = {
			isa = PBXShellScriptBuildPhase;
			buildActionMask = 2147483647;
			files = (
			);
			inputPaths = (
				"${PODS_PODFILE_DIR_PATH}/Podfile.lock",
				"${PODS_ROOT}/Manifest.lock",
			);
			name = "[CP] Check Pods Manifest.lock";
			outputPaths = (
				"$(DERIVED_FILE_DIR)/Pods-imgur Gallery-checkManifestLockResult.txt",
			);
			runOnlyForDeploymentPostprocessing = 0;
			shellPath = /bin/sh;
			shellScript = "diff \"${PODS_PODFILE_DIR_PATH}/Podfile.lock\" \"${PODS_ROOT}/Manifest.lock\" > /dev/null\nif [ $? != 0 ] ; then\n    # print error to STDERR\n    echo \"error: The sandbox is not in sync with the Podfile.lock. Run 'pod install' or update your CocoaPods installation.\" >&2\n    exit 1\nfi\n# This output is used by Xcode 'outputs' to avoid re-running this script phase.\necho \"SUCCESS\" > \"${SCRIPT_OUTPUT_FILE_0}\"\n";
			showEnvVarsInLog = 0;
		};
		F0EF9261098B7C8A1AF37C08 /* [CP] Check Pods Manifest.lock */ = {
			isa = PBXShellScriptBuildPhase;
			buildActionMask = 2147483647;
			files = (
			);
			inputPaths = (
				"${PODS_PODFILE_DIR_PATH}/Podfile.lock",
				"${PODS_ROOT}/Manifest.lock",
			);
			name = "[CP] Check Pods Manifest.lock";
			outputPaths = (
				"$(DERIVED_FILE_DIR)/Pods-imgur GalleryTests-checkManifestLockResult.txt",
			);
			runOnlyForDeploymentPostprocessing = 0;
			shellPath = /bin/sh;
			shellScript = "diff \"${PODS_PODFILE_DIR_PATH}/Podfile.lock\" \"${PODS_ROOT}/Manifest.lock\" > /dev/null\nif [ $? != 0 ] ; then\n    # print error to STDERR\n    echo \"error: The sandbox is not in sync with the Podfile.lock. Run 'pod install' or update your CocoaPods installation.\" >&2\n    exit 1\nfi\n# This output is used by Xcode 'outputs' to avoid re-running this script phase.\necho \"SUCCESS\" > \"${SCRIPT_OUTPUT_FILE_0}\"\n";
			showEnvVarsInLog = 0;
		};
/* End PBXShellScriptBuildPhase section */

/* Begin PBXSourcesBuildPhase section */
		9AB9E72C22028132007156D9 /* Sources */ = {
			isa = PBXSourcesBuildPhase;
			buildActionMask = 2147483647;
			files = (
				9A2277832205449D00D61D3A /* DetailViewController.swift in Sources */,
				9A22777422029EC600D61D3A /* RequestBuilderGET.swift in Sources */,
				9AB9E73622028132007156D9 /* GallerySearchViewController.swift in Sources */,
				9A22776A22028FF000D61D3A /* GallerySearchInteractor.swift in Sources */,
				9A22777B2205161B00D61D3A /* Debouncer.swift in Sources */,
				9A22776F2202951A00D61D3A /* GallerySearchAPI.swift in Sources */,
				3571890F22048B180064DF6C /* ServerResponse.swift in Sources */,
				9A22776822028F0200D61D3A /* GallerySearchPresenter.swift in Sources */,
				9AB9E73422028132007156D9 /* AppDelegate.swift in Sources */,
				9A2277802205322500D61D3A /* ItemCellData.swift in Sources */,
				9A22777222029A5000D61D3A /* Constants.swift in Sources */,
			);
			runOnlyForDeploymentPostprocessing = 0;
		};
		9AB9E74022028140007156D9 /* Sources */ = {
			isa = PBXSourcesBuildPhase;
			buildActionMask = 2147483647;
			files = (
				9AB9E74922028140007156D9 /* imgur_GalleryTests.swift in Sources */,
			);
			runOnlyForDeploymentPostprocessing = 0;
		};
/* End PBXSourcesBuildPhase section */

/* Begin PBXTargetDependency section */
		9AB9E74622028140007156D9 /* PBXTargetDependency */ = {
			isa = PBXTargetDependency;
			target = 9AB9E72F22028132007156D9 /* imgur Gallery */;
			targetProxy = 9AB9E74522028140007156D9 /* PBXContainerItemProxy */;
		};
/* End PBXTargetDependency section */

/* Begin PBXVariantGroup section */
		9AB9E73722028132007156D9 /* Main.storyboard */ = {
			isa = PBXVariantGroup;
			children = (
				9AB9E73822028132007156D9 /* Base */,
			);
			name = Main.storyboard;
			sourceTree = "<group>";
		};
		9AB9E73C22028140007156D9 /* LaunchScreen.storyboard */ = {
			isa = PBXVariantGroup;
			children = (
				9AB9E73D22028140007156D9 /* Base */,
			);
			name = LaunchScreen.storyboard;
			sourceTree = "<group>";
		};
/* End PBXVariantGroup section */

/* Begin XCBuildConfiguration section */
		9AB9E74B22028140007156D9 /* Debug */ = {
			isa = XCBuildConfiguration;
			buildSettings = {
				ALWAYS_SEARCH_USER_PATHS = NO;
				CLANG_ANALYZER_NONNULL = YES;
				CLANG_ANALYZER_NUMBER_OBJECT_CONVERSION = YES_AGGRESSIVE;
				CLANG_CXX_LANGUAGE_STANDARD = "gnu++14";
				CLANG_CXX_LIBRARY = "libc++";
				CLANG_ENABLE_MODULES = YES;
				CLANG_ENABLE_OBJC_ARC = YES;
				CLANG_ENABLE_OBJC_WEAK = YES;
				CLANG_WARN_BLOCK_CAPTURE_AUTORELEASING = YES;
				CLANG_WARN_BOOL_CONVERSION = YES;
				CLANG_WARN_COMMA = YES;
				CLANG_WARN_CONSTANT_CONVERSION = YES;
				CLANG_WARN_DEPRECATED_OBJC_IMPLEMENTATIONS = YES;
				CLANG_WARN_DIRECT_OBJC_ISA_USAGE = YES_ERROR;
				CLANG_WARN_DOCUMENTATION_COMMENTS = YES;
				CLANG_WARN_EMPTY_BODY = YES;
				CLANG_WARN_ENUM_CONVERSION = YES;
				CLANG_WARN_INFINITE_RECURSION = YES;
				CLANG_WARN_INT_CONVERSION = YES;
				CLANG_WARN_NON_LITERAL_NULL_CONVERSION = YES;
				CLANG_WARN_OBJC_IMPLICIT_RETAIN_SELF = YES;
				CLANG_WARN_OBJC_LITERAL_CONVERSION = YES;
				CLANG_WARN_OBJC_ROOT_CLASS = YES_ERROR;
				CLANG_WARN_RANGE_LOOP_ANALYSIS = YES;
				CLANG_WARN_STRICT_PROTOTYPES = YES;
				CLANG_WARN_SUSPICIOUS_MOVE = YES;
				CLANG_WARN_UNGUARDED_AVAILABILITY = YES_AGGRESSIVE;
				CLANG_WARN_UNREACHABLE_CODE = YES;
				CLANG_WARN__DUPLICATE_METHOD_MATCH = YES;
				CODE_SIGN_IDENTITY = "iPhone Developer";
				COPY_PHASE_STRIP = NO;
				DEBUG_INFORMATION_FORMAT = dwarf;
				ENABLE_STRICT_OBJC_MSGSEND = YES;
				ENABLE_TESTABILITY = YES;
				GCC_C_LANGUAGE_STANDARD = gnu11;
				GCC_DYNAMIC_NO_PIC = NO;
				GCC_NO_COMMON_BLOCKS = YES;
				GCC_OPTIMIZATION_LEVEL = 0;
				GCC_PREPROCESSOR_DEFINITIONS = (
					"DEBUG=1",
					"$(inherited)",
				);
				GCC_WARN_64_TO_32_BIT_CONVERSION = YES;
				GCC_WARN_ABOUT_RETURN_TYPE = YES_ERROR;
				GCC_WARN_UNDECLARED_SELECTOR = YES;
				GCC_WARN_UNINITIALIZED_AUTOS = YES_AGGRESSIVE;
				GCC_WARN_UNUSED_FUNCTION = YES;
				GCC_WARN_UNUSED_VARIABLE = YES;
				IPHONEOS_DEPLOYMENT_TARGET = 12.1;
				MTL_ENABLE_DEBUG_INFO = INCLUDE_SOURCE;
				MTL_FAST_MATH = YES;
				ONLY_ACTIVE_ARCH = YES;
				SDKROOT = iphoneos;
				SWIFT_ACTIVE_COMPILATION_CONDITIONS = DEBUG;
				SWIFT_OPTIMIZATION_LEVEL = "-Onone";
			};
			name = Debug;
		};
		9AB9E74C22028140007156D9 /* Release */ = {
			isa = XCBuildConfiguration;
			buildSettings = {
				ALWAYS_SEARCH_USER_PATHS = NO;
				CLANG_ANALYZER_NONNULL = YES;
				CLANG_ANALYZER_NUMBER_OBJECT_CONVERSION = YES_AGGRESSIVE;
				CLANG_CXX_LANGUAGE_STANDARD = "gnu++14";
				CLANG_CXX_LIBRARY = "libc++";
				CLANG_ENABLE_MODULES = YES;
				CLANG_ENABLE_OBJC_ARC = YES;
				CLANG_ENABLE_OBJC_WEAK = YES;
				CLANG_WARN_BLOCK_CAPTURE_AUTORELEASING = YES;
				CLANG_WARN_BOOL_CONVERSION = YES;
				CLANG_WARN_COMMA = YES;
				CLANG_WARN_CONSTANT_CONVERSION = YES;
				CLANG_WARN_DEPRECATED_OBJC_IMPLEMENTATIONS = YES;
				CLANG_WARN_DIRECT_OBJC_ISA_USAGE = YES_ERROR;
				CLANG_WARN_DOCUMENTATION_COMMENTS = YES;
				CLANG_WARN_EMPTY_BODY = YES;
				CLANG_WARN_ENUM_CONVERSION = YES;
				CLANG_WARN_INFINITE_RECURSION = YES;
				CLANG_WARN_INT_CONVERSION = YES;
				CLANG_WARN_NON_LITERAL_NULL_CONVERSION = YES;
				CLANG_WARN_OBJC_IMPLICIT_RETAIN_SELF = YES;
				CLANG_WARN_OBJC_LITERAL_CONVERSION = YES;
				CLANG_WARN_OBJC_ROOT_CLASS = YES_ERROR;
				CLANG_WARN_RANGE_LOOP_ANALYSIS = YES;
				CLANG_WARN_STRICT_PROTOTYPES = YES;
				CLANG_WARN_SUSPICIOUS_MOVE = YES;
				CLANG_WARN_UNGUARDED_AVAILABILITY = YES_AGGRESSIVE;
				CLANG_WARN_UNREACHABLE_CODE = YES;
				CLANG_WARN__DUPLICATE_METHOD_MATCH = YES;
				CODE_SIGN_IDENTITY = "iPhone Developer";
				COPY_PHASE_STRIP = NO;
				DEBUG_INFORMATION_FORMAT = "dwarf-with-dsym";
				ENABLE_NS_ASSERTIONS = NO;
				ENABLE_STRICT_OBJC_MSGSEND = YES;
				GCC_C_LANGUAGE_STANDARD = gnu11;
				GCC_NO_COMMON_BLOCKS = YES;
				GCC_WARN_64_TO_32_BIT_CONVERSION = YES;
				GCC_WARN_ABOUT_RETURN_TYPE = YES_ERROR;
				GCC_WARN_UNDECLARED_SELECTOR = YES;
				GCC_WARN_UNINITIALIZED_AUTOS = YES_AGGRESSIVE;
				GCC_WARN_UNUSED_FUNCTION = YES;
				GCC_WARN_UNUSED_VARIABLE = YES;
				IPHONEOS_DEPLOYMENT_TARGET = 12.1;
				MTL_ENABLE_DEBUG_INFO = NO;
				MTL_FAST_MATH = YES;
				SDKROOT = iphoneos;
				SWIFT_COMPILATION_MODE = wholemodule;
				SWIFT_OPTIMIZATION_LEVEL = "-O";
				VALIDATE_PRODUCT = YES;
			};
			name = Release;
		};
		9AB9E74E22028140007156D9 /* Debug */ = {
			isa = XCBuildConfiguration;
			baseConfigurationReference = 2106C94DD4DB74002C3629B6 /* Pods-imgur Gallery.debug.xcconfig */;
			buildSettings = {
				ASSETCATALOG_COMPILER_APPICON_NAME = AppIcon;
				CODE_SIGN_IDENTITY = "iPhone Developer";
				CODE_SIGN_STYLE = Automatic;
				DEVELOPMENT_TEAM = 6L78LAKEZ9;
				INFOPLIST_FILE = "imgur Gallery/Info.plist";
				LD_RUNPATH_SEARCH_PATHS = (
					"$(inherited)",
					"@executable_path/Frameworks",
				);
				PRODUCT_BUNDLE_IDENTIFIER = "com.gerardotc.imgur-Gallery";
				PRODUCT_NAME = "$(TARGET_NAME)";
				PROVISIONING_PROFILE_SPECIFIER = "";
				SWIFT_VERSION = 4.2;
				TARGETED_DEVICE_FAMILY = "1,2";
			};
			name = Debug;
		};
		9AB9E74F22028140007156D9 /* Release */ = {
			isa = XCBuildConfiguration;
			baseConfigurationReference = 36C61248EF9F0761043EA0F5 /* Pods-imgur Gallery.release.xcconfig */;
			buildSettings = {
				ASSETCATALOG_COMPILER_APPICON_NAME = AppIcon;
				CODE_SIGN_IDENTITY = "iPhone Developer";
				CODE_SIGN_STYLE = Automatic;
				DEVELOPMENT_TEAM = 6L78LAKEZ9;
				INFOPLIST_FILE = "imgur Gallery/Info.plist";
				LD_RUNPATH_SEARCH_PATHS = (
					"$(inherited)",
					"@executable_path/Frameworks",
				);
				PRODUCT_BUNDLE_IDENTIFIER = "com.gerardotc.imgur-Gallery";
				PRODUCT_NAME = "$(TARGET_NAME)";
				PROVISIONING_PROFILE_SPECIFIER = "";
				SWIFT_VERSION = 4.2;
				TARGETED_DEVICE_FAMILY = "1,2";
			};
			name = Release;
		};
		9AB9E75122028140007156D9 /* Debug */ = {
			isa = XCBuildConfiguration;
			baseConfigurationReference = 54EC4D71527C6665EAB67C90 /* Pods-imgur GalleryTests.debug.xcconfig */;
			buildSettings = {
				ALWAYS_EMBED_SWIFT_STANDARD_LIBRARIES = YES;
				BUNDLE_LOADER = "$(TEST_HOST)";
				CODE_SIGN_STYLE = Automatic;
				DEVELOPMENT_TEAM = 6L78LAKEZ9;
				INFOPLIST_FILE = "imgur GalleryTests/Info.plist";
				LD_RUNPATH_SEARCH_PATHS = (
					"$(inherited)",
					"@executable_path/Frameworks",
					"@loader_path/Frameworks",
				);
				PRODUCT_BUNDLE_IDENTIFIER = "com.gerardotc.imgur-GalleryTests";
				PRODUCT_NAME = "$(TARGET_NAME)";
				SWIFT_VERSION = 4.2;
				TARGETED_DEVICE_FAMILY = "1,2";
				TEST_HOST = "$(BUILT_PRODUCTS_DIR)/imgur Gallery.app/imgur Gallery";
			};
			name = Debug;
		};
		9AB9E75222028140007156D9 /* Release */ = {
			isa = XCBuildConfiguration;
			baseConfigurationReference = 6D5870156351D93469720D3F /* Pods-imgur GalleryTests.release.xcconfig */;
			buildSettings = {
				ALWAYS_EMBED_SWIFT_STANDARD_LIBRARIES = YES;
				BUNDLE_LOADER = "$(TEST_HOST)";
				CODE_SIGN_STYLE = Automatic;
				DEVELOPMENT_TEAM = 6L78LAKEZ9;
				INFOPLIST_FILE = "imgur GalleryTests/Info.plist";
				LD_RUNPATH_SEARCH_PATHS = (
					"$(inherited)",
					"@executable_path/Frameworks",
					"@loader_path/Frameworks",
				);
				PRODUCT_BUNDLE_IDENTIFIER = "com.gerardotc.imgur-GalleryTests";
				PRODUCT_NAME = "$(TARGET_NAME)";
				SWIFT_VERSION = 4.2;
				TARGETED_DEVICE_FAMILY = "1,2";
				TEST_HOST = "$(BUILT_PRODUCTS_DIR)/imgur Gallery.app/imgur Gallery";
			};
			name = Release;
		};
/* End XCBuildConfiguration section */

/* Begin XCConfigurationList section */
		9AB9E72B22028132007156D9 /* Build configuration list for PBXProject "imgur Gallery" */ = {
			isa = XCConfigurationList;
			buildConfigurations = (
				9AB9E74B22028140007156D9 /* Debug */,
				9AB9E74C22028140007156D9 /* Release */,
			);
			defaultConfigurationIsVisible = 0;
			defaultConfigurationName = Release;
		};
		9AB9E74D22028140007156D9 /* Build configuration list for PBXNativeTarget "imgur Gallery" */ = {
			isa = XCConfigurationList;
			buildConfigurations = (
				9AB9E74E22028140007156D9 /* Debug */,
				9AB9E74F22028140007156D9 /* Release */,
			);
			defaultConfigurationIsVisible = 0;
			defaultConfigurationName = Release;
		};
		9AB9E75022028140007156D9 /* Build configuration list for PBXNativeTarget "imgur GalleryTests" */ = {
			isa = XCConfigurationList;
			buildConfigurations = (
				9AB9E75122028140007156D9 /* Debug */,
				9AB9E75222028140007156D9 /* Release */,
			);
			defaultConfigurationIsVisible = 0;
			defaultConfigurationName = Release;
		};
/* End XCConfigurationList section */
	};
	rootObject = 9AB9E72822028132007156D9 /* Project object */;
}
